// !$*UTF8*$!
{
	archiveVersion = 1;
	classes = {
	};
	objectVersion = 50;
	objects = {

/* Begin PBXBuildFile section */
		3D0B2305230360DF0006C1BC /* AppDelegate.swift in Sources */ = {isa = PBXBuildFile; fileRef = 3D0B2304230360DF0006C1BC /* AppDelegate.swift */; };
		3D0B2307230360DF0006C1BC /* ViewController.swift in Sources */ = {isa = PBXBuildFile; fileRef = 3D0B2306230360DF0006C1BC /* ViewController.swift */; };
		3D0B230A230360E00006C1BC /* Main.storyboard in Resources */ = {isa = PBXBuildFile; fileRef = 3D0B2308230360DF0006C1BC /* Main.storyboard */; };
		3D0B230C230360F10006C1BC /* Assets.xcassets in Resources */ = {isa = PBXBuildFile; fileRef = 3D0B230B230360F10006C1BC /* Assets.xcassets */; };
		3D0B230F230360F10006C1BC /* LaunchScreen.storyboard in Resources */ = {isa = PBXBuildFile; fileRef = 3D0B230D230360F10006C1BC /* LaunchScreen.storyboard */; };
		3D0B231A230360F10006C1BC /* LoginTests.swift in Sources */ = {isa = PBXBuildFile; fileRef = 3D0B2319230360F10006C1BC /* LoginTests.swift */; };
		3D0B2325230360F10006C1BC /* LoginUITests.swift in Sources */ = {isa = PBXBuildFile; fileRef = 3D0B2324230360F10006C1BC /* LoginUITests.swift */; };
/* End PBXBuildFile section */

/* Begin PBXContainerItemProxy section */
		3D0B2316230360F10006C1BC /* PBXContainerItemProxy */ = {
			isa = PBXContainerItemProxy;
			containerPortal = 3D0B22F9230360DF0006C1BC /* Project object */;
			proxyType = 1;
			remoteGlobalIDString = 3D0B2300230360DF0006C1BC;
			remoteInfo = Login;
		};
		3D0B2321230360F10006C1BC /* PBXContainerItemProxy */ = {
			isa = PBXContainerItemProxy;
			containerPortal = 3D0B22F9230360DF0006C1BC /* Project object */;
			proxyType = 1;
			remoteGlobalIDString = 3D0B2300230360DF0006C1BC;
			remoteInfo = Login;
		};
/* End PBXContainerItemProxy section */

/* Begin PBXFileReference section */
		3D0B2301230360DF0006C1BC /* Login.app */ = {isa = PBXFileReference; explicitFileType = wrapper.application; includeInIndex = 0; path = Login.app; sourceTree = BUILT_PRODUCTS_DIR; };
		3D0B2304230360DF0006C1BC /* AppDelegate.swift */ = {isa = PBXFileReference; lastKnownFileType = sourcecode.swift; path = AppDelegate.swift; sourceTree = "<group>"; };
		3D0B2306230360DF0006C1BC /* ViewController.swift */ = {isa = PBXFileReference; lastKnownFileType = sourcecode.swift; path = ViewController.swift; sourceTree = "<group>"; };
		3D0B2309230360DF0006C1BC /* Base */ = {isa = PBXFileReference; lastKnownFileType = file.storyboard; name = Base; path = Base.lproj/Main.storyboard; sourceTree = "<group>"; };
		3D0B230B230360F10006C1BC /* Assets.xcassets */ = {isa = PBXFileReference; lastKnownFileType = folder.assetcatalog; path = Assets.xcassets; sourceTree = "<group>"; };
		3D0B230E230360F10006C1BC /* Base */ = {isa = PBXFileReference; lastKnownFileType = file.storyboard; name = Base; path = Base.lproj/LaunchScreen.storyboard; sourceTree = "<group>"; };
		3D0B2310230360F10006C1BC /* Info.plist */ = {isa = PBXFileReference; lastKnownFileType = text.plist.xml; path = Info.plist; sourceTree = "<group>"; };
		3D0B2315230360F10006C1BC /* LoginTests.xctest */ = {isa = PBXFileReference; explicitFileType = wrapper.cfbundle; includeInIndex = 0; path = LoginTests.xctest; sourceTree = BUILT_PRODUCTS_DIR; };
		3D0B2319230360F10006C1BC /* LoginTests.swift */ = {isa = PBXFileReference; lastKnownFileType = sourcecode.swift; path = LoginTests.swift; sourceTree = "<group>"; };
		3D0B231B230360F10006C1BC /* Info.plist */ = {isa = PBXFileReference; lastKnownFileType = text.plist.xml; path = Info.plist; sourceTree = "<group>"; };
		3D0B2320230360F10006C1BC /* LoginUITests.xctest */ = {isa = PBXFileReference; explicitFileType = wrapper.cfbundle; includeInIndex = 0; path = LoginUITests.xctest; sourceTree = BUILT_PRODUCTS_DIR; };
		3D0B2324230360F10006C1BC /* LoginUITests.swift */ = {isa = PBXFileReference; lastKnownFileType = sourcecode.swift; path = LoginUITests.swift; sourceTree = "<group>"; };
		3D0B2326230360F10006C1BC /* Info.plist */ = {isa = PBXFileReference; lastKnownFileType = text.plist.xml; path = Info.plist; sourceTree = "<group>"; };
/* End PBXFileReference section */

/* Begin PBXFrameworksBuildPhase section */
		3D0B22FE230360DF0006C1BC /* Frameworks */ = {
			isa = PBXFrameworksBuildPhase;
			buildActionMask = 2147483647;
			files = (
			);
			runOnlyForDeploymentPostprocessing = 0;
		};
		3D0B2312230360F10006C1BC /* Frameworks */ = {
			isa = PBXFrameworksBuildPhase;
			buildActionMask = 2147483647;
			files = (
			);
			runOnlyForDeploymentPostprocessing = 0;
		};
		3D0B231D230360F10006C1BC /* Frameworks */ = {
			isa = PBXFrameworksBuildPhase;
			buildActionMask = 2147483647;
			files = (
			);
			runOnlyForDeploymentPostprocessing = 0;
		};
/* End PBXFrameworksBuildPhase section */

/* Begin PBXGroup section */
		3D0B22F8230360DF0006C1BC = {
			isa = PBXGroup;
			children = (
				3D0B2303230360DF0006C1BC /* Login */,
				3D0B2318230360F10006C1BC /* LoginTests */,
				3D0B2323230360F10006C1BC /* LoginUITests */,
				3D0B2302230360DF0006C1BC /* Products */,
			);
			sourceTree = "<group>";
		};
		3D0B2302230360DF0006C1BC /* Products */ = {
			isa = PBXGroup;
			children = (
				3D0B2301230360DF0006C1BC /* Login.app */,
				3D0B2315230360F10006C1BC /* LoginTests.xctest */,
				3D0B2320230360F10006C1BC /* LoginUITests.xctest */,
			);
			name = Products;
			sourceTree = "<group>";
		};
		3D0B2303230360DF0006C1BC /* Login */ = {
			isa = PBXGroup;
			children = (
				3D0B2304230360DF0006C1BC /* AppDelegate.swift */,
				3D0B2306230360DF0006C1BC /* ViewController.swift */,
				3D0B2308230360DF0006C1BC /* Main.storyboard */,
				3D0B230B230360F10006C1BC /* Assets.xcassets */,
				3D0B230D230360F10006C1BC /* LaunchScreen.storyboard */,
				3D0B2310230360F10006C1BC /* Info.plist */,
			);
			path = Login;
			sourceTree = "<group>";
		};
		3D0B2318230360F10006C1BC /* LoginTests */ = {
			isa = PBXGroup;
			children = (
				3D0B2319230360F10006C1BC /* LoginTests.swift */,
				3D0B231B230360F10006C1BC /* Info.plist */,
			);
			path = LoginTests;
			sourceTree = "<group>";
		};
		3D0B2323230360F10006C1BC /* LoginUITests */ = {
			isa = PBXGroup;
			children = (
				3D0B2324230360F10006C1BC /* LoginUITests.swift */,
				3D0B2326230360F10006C1BC /* Info.plist */,
			);
			path = LoginUITests;
			sourceTree = "<group>";
		};
/* End PBXGroup section */

/* Begin PBXNativeTarget section */
		3D0B2300230360DF0006C1BC /* Login */ = {
			isa = PBXNativeTarget;
			buildConfigurationList = 3D0B2329230360F10006C1BC /* Build configuration list for PBXNativeTarget "Login" */;
			buildPhases = (
				3D0B22FD230360DF0006C1BC /* Sources */,
				3D0B22FE230360DF0006C1BC /* Frameworks */,
				3D0B22FF230360DF0006C1BC /* Resources */,
			);
			buildRules = (
			);
			dependencies = (
			);
			name = Login;
			productName = Login;
			productReference = 3D0B2301230360DF0006C1BC /* Login.app */;
			productType = "com.apple.product-type.application";
		};
		3D0B2314230360F10006C1BC /* LoginTests */ = {
			isa = PBXNativeTarget;
			buildConfigurationList = 3D0B232C230360F10006C1BC /* Build configuration list for PBXNativeTarget "LoginTests" */;
			buildPhases = (
				3D0B2311230360F10006C1BC /* Sources */,
				3D0B2312230360F10006C1BC /* Frameworks */,
				3D0B2313230360F10006C1BC /* Resources */,
			);
			buildRules = (
			);
			dependencies = (
				3D0B2317230360F10006C1BC /* PBXTargetDependency */,
			);
			name = LoginTests;
			productName = LoginTests;
			productReference = 3D0B2315230360F10006C1BC /* LoginTests.xctest */;
			productType = "com.apple.product-type.bundle.unit-test";
		};
		3D0B231F230360F10006C1BC /* LoginUITests */ = {
			isa = PBXNativeTarget;
			buildConfigurationList = 3D0B232F230360F10006C1BC /* Build configuration list for PBXNativeTarget "LoginUITests" */;
			buildPhases = (
				3D0B231C230360F10006C1BC /* Sources */,
				3D0B231D230360F10006C1BC /* Frameworks */,
				3D0B231E230360F10006C1BC /* Resources */,
			);
			buildRules = (
			);
			dependencies = (
				3D0B2322230360F10006C1BC /* PBXTargetDependency */,
			);
			name = LoginUITests;
			productName = LoginUITests;
			productReference = 3D0B2320230360F10006C1BC /* LoginUITests.xctest */;
			productType = "com.apple.product-type.bundle.ui-testing";
		};
/* End PBXNativeTarget section */

/* Begin PBXProject section */
		3D0B22F9230360DF0006C1BC /* Project object */ = {
			isa = PBXProject;
			attributes = {
				LastSwiftUpdateCheck = 0940;
				LastUpgradeCheck = 0940;
				ORGANIZATIONNAME = Fer;
				TargetAttributes = {
					3D0B2300230360DF0006C1BC = {
						CreatedOnToolsVersion = 9.4.1;
					};
					3D0B2314230360F10006C1BC = {
						CreatedOnToolsVersion = 9.4.1;
						TestTargetID = 3D0B2300230360DF0006C1BC;
					};
					3D0B231F230360F10006C1BC = {
						CreatedOnToolsVersion = 9.4.1;
						TestTargetID = 3D0B2300230360DF0006C1BC;
					};
				};
			};
			buildConfigurationList = 3D0B22FC230360DF0006C1BC /* Build configuration list for PBXProject "Login" */;
			compatibilityVersion = "Xcode 9.3";
			developmentRegion = en;
			hasScannedForEncodings = 0;
			knownRegions = (
				en,
				Base,
			);
			mainGroup = 3D0B22F8230360DF0006C1BC;
			productRefGroup = 3D0B2302230360DF0006C1BC /* Products */;
			projectDirPath = "";
			projectRoot = "";
			targets = (
				3D0B2300230360DF0006C1BC /* Login */,
				3D0B2314230360F10006C1BC /* LoginTests */,
				3D0B231F230360F10006C1BC /* LoginUITests */,
			);
		};
/* End PBXProject section */

/* Begin PBXResourcesBuildPhase section */
		3D0B22FF230360DF0006C1BC /* Resources */ = {
			isa = PBXResourcesBuildPhase;
			buildActionMask = 2147483647;
			files = (
				3D0B230F230360F10006C1BC /* LaunchScreen.storyboard in Resources */,
				3D0B230C230360F10006C1BC /* Assets.xcassets in Resources */,
				3D0B230A230360E00006C1BC /* Main.storyboard in Resources */,
			);
			runOnlyForDeploymentPostprocessing = 0;
		};
		3D0B2313230360F10006C1BC /* Resources */ = {
			isa = PBXResourcesBuildPhase;
			buildActionMask = 2147483647;
			files = (
			);
			runOnlyForDeploymentPostprocessing = 0;
		};
		3D0B231E230360F10006C1BC /* Resources */ = {
			isa = PBXResourcesBuildPhase;
			buildActionMask = 2147483647;
			files = (
			);
			runOnlyForDeploymentPostprocessing = 0;
		};
/* End PBXResourcesBuildPhase section */

/* Begin PBXSourcesBuildPhase section */
		3D0B22FD230360DF0006C1BC /* Sources */ = {
			isa = PBXSourcesBuildPhase;
			buildActionMask = 2147483647;
			files = (
				3D0B2307230360DF0006C1BC /* ViewController.swift in Sources */,
				3D0B2305230360DF0006C1BC /* AppDelegate.swift in Sources */,
			);
			runOnlyForDeploymentPostprocessing = 0;
		};
		3D0B2311230360F10006C1BC /* Sources */ = {
			isa = PBXSourcesBuildPhase;
			buildActionMask = 2147483647;
			files = (
				3D0B231A230360F10006C1BC /* LoginTests.swift in Sources */,
			);
			runOnlyForDeploymentPostprocessing = 0;
		};
		3D0B231C230360F10006C1BC /* Sources */ = {
			isa = PBXSourcesBuildPhase;
			buildActionMask = 2147483647;
			files = (
				3D0B2325230360F10006C1BC /* LoginUITests.swift in Sources */,
			);
			runOnlyForDeploymentPostprocessing = 0;
		};
/* End PBXSourcesBuildPhase section */

/* Begin PBXTargetDependency section */
		3D0B2317230360F10006C1BC /* PBXTargetDependency */ = {
			isa = PBXTargetDependency;
			target = 3D0B2300230360DF0006C1BC /* Login */;
			targetProxy = 3D0B2316230360F10006C1BC /* PBXContainerItemProxy */;
		};
		3D0B2322230360F10006C1BC /* PBXTargetDependency */ = {
			isa = PBXTargetDependency;
			target = 3D0B2300230360DF0006C1BC /* Login */;
			targetProxy = 3D0B2321230360F10006C1BC /* PBXContainerItemProxy */;
		};
/* End PBXTargetDependency section */

/* Begin PBXVariantGroup section */
		3D0B2308230360DF0006C1BC /* Main.storyboard */ = {
			isa = PBXVariantGroup;
			children = (
				3D0B2309230360DF0006C1BC /* Base */,
			);
			name = Main.storyboard;
			sourceTree = "<group>";
		};
		3D0B230D230360F10006C1BC /* LaunchScreen.storyboard */ = {
			isa = PBXVariantGroup;
			children = (
				3D0B230E230360F10006C1BC /* Base */,
			);
			name = LaunchScreen.storyboard;
			sourceTree = "<group>";
		};
/* End PBXVariantGroup section */

/* Begin XCBuildConfiguration section */
		3D0B2327230360F10006C1BC /* Debug */ = {
			isa = XCBuildConfiguration;
			buildSettings = {
				ALWAYS_SEARCH_USER_PATHS = NO;
				CLANG_ANALYZER_NONNULL = YES;
				CLANG_ANALYZER_NUMBER_OBJECT_CONVERSION = YES_AGGRESSIVE;
				CLANG_CXX_LANGUAGE_STANDARD = "gnu++14";
				CLANG_CXX_LIBRARY = "libc++";
				CLANG_ENABLE_MODULES = YES;
				CLANG_ENABLE_OBJC_ARC = YES;
				CLANG_ENABLE_OBJC_WEAK = YES;
				CLANG_WARN_BLOCK_CAPTURE_AUTORELEASING = YES;
				CLANG_WARN_BOOL_CONVERSION = YES;
				CLANG_WARN_COMMA = YES;
				CLANG_WARN_CONSTANT_CONVERSION = YES;
				CLANG_WARN_DEPRECATED_OBJC_IMPLEMENTATIONS = YES;
				CLANG_WARN_DIRECT_OBJC_ISA_USAGE = YES_ERROR;
				CLANG_WARN_DOCUMENTATION_COMMENTS = YES;
				CLANG_WARN_EMPTY_BODY = YES;
				CLANG_WARN_ENUM_CONVERSION = YES;
				CLANG_WARN_INFINITE_RECURSION = YES;
				CLANG_WARN_INT_CONVERSION = YES;
				CLANG_WARN_NON_LITERAL_NULL_CONVERSION = YES;
				CLANG_WARN_OBJC_IMPLICIT_RETAIN_SELF = YES;
				CLANG_WARN_OBJC_LITERAL_CONVERSION = YES;
				CLANG_WARN_OBJC_ROOT_CLASS = YES_ERROR;
				CLANG_WARN_RANGE_LOOP_ANALYSIS = YES;
				CLANG_WARN_STRICT_PROTOTYPES = YES;
				CLANG_WARN_SUSPICIOUS_MOVE = YES;
				CLANG_WARN_UNGUARDED_AVAILABILITY = YES_AGGRESSIVE;
				CLANG_WARN_UNREACHABLE_CODE = YES;
				CLANG_WARN__DUPLICATE_METHOD_MATCH = YES;
				CODE_SIGN_IDENTITY = "iPhone Developer";
				COPY_PHASE_STRIP = NO;
				DEBUG_INFORMATION_FORMAT = dwarf;
				ENABLE_STRICT_OBJC_MSGSEND = YES;
				ENABLE_TESTABILITY = YES;
				GCC_C_LANGUAGE_STANDARD = gnu11;
				GCC_DYNAMIC_NO_PIC = NO;
				GCC_NO_COMMON_BLOCKS = YES;
				GCC_OPTIMIZATION_LEVEL = 0;
				GCC_PREPROCESSOR_DEFINITIONS = (
					"DEBUG=1",
					"$(inherited)",
				);
				GCC_WARN_64_TO_32_BIT_CONVERSION = YES;
				GCC_WARN_ABOUT_RETURN_TYPE = YES_ERROR;
				GCC_WARN_UNDECLARED_SELECTOR = YES;
				GCC_WARN_UNINITIALIZED_AUTOS = YES_AGGRESSIVE;
				GCC_WARN_UNUSED_FUNCTION = YES;
				GCC_WARN_UNUSED_VARIABLE = YES;
				IPHONEOS_DEPLOYMENT_TARGET = 11.4;
				MTL_ENABLE_DEBUG_INFO = YES;
				ONLY_ACTIVE_ARCH = YES;
				SDKROOT = iphoneos;
				SWIFT_ACTIVE_COMPILATION_CONDITIONS = DEBUG;
				SWIFT_OPTIMIZATION_LEVEL = "-Onone";
			};
			name = Debug;
		};
		3D0B2328230360F10006C1BC /* Release */ = {
			isa = XCBuildConfiguration;
			buildSettings = {
				ALWAYS_SEARCH_USER_PATHS = NO;
				CLANG_ANALYZER_NONNULL = YES;
				CLANG_ANALYZER_NUMBER_OBJECT_CONVERSION = YES_AGGRESSIVE;
				CLANG_CXX_LANGUAGE_STANDARD = "gnu++14";
				CLANG_CXX_LIBRARY = "libc++";
				CLANG_ENABLE_MODULES = YES;
				CLANG_ENABLE_OBJC_ARC = YES;
				CLANG_ENABLE_OBJC_WEAK = YES;
				CLANG_WARN_BLOCK_CAPTURE_AUTORELEASING = YES;
				CLANG_WARN_BOOL_CONVERSION = YES;
				CLANG_WARN_COMMA = YES;
				CLANG_WARN_CONSTANT_CONVERSION = YES;
				CLANG_WARN_DEPRECATED_OBJC_IMPLEMENTATIONS = YES;
				CLANG_WARN_DIRECT_OBJC_ISA_USAGE = YES_ERROR;
				CLANG_WARN_DOCUMENTATION_COMMENTS = YES;
				CLANG_WARN_EMPTY_BODY = YES;
				CLANG_WARN_ENUM_CONVERSION = YES;
				CLANG_WARN_INFINITE_RECURSION = YES;
				CLANG_WARN_INT_CONVERSION = YES;
				CLANG_WARN_NON_LITERAL_NULL_CONVERSION = YES;
				CLANG_WARN_OBJC_IMPLICIT_RETAIN_SELF = YES;
				CLANG_WARN_OBJC_LITERAL_CONVERSION = YES;
				CLANG_WARN_OBJC_ROOT_CLASS = YES_ERROR;
				CLANG_WARN_RANGE_LOOP_ANALYSIS = YES;
				CLANG_WARN_STRICT_PROTOTYPES = YES;
				CLANG_WARN_SUSPICIOUS_MOVE = YES;
				CLANG_WARN_UNGUARDED_AVAILABILITY = YES_AGGRESSIVE;
				CLANG_WARN_UNREACHABLE_CODE = YES;
				CLANG_WARN__DUPLICATE_METHOD_MATCH = YES;
				CODE_SIGN_IDENTITY = "iPhone Developer";
				COPY_PHASE_STRIP = NO;
				DEBUG_INFORMATION_FORMAT = "dwarf-with-dsym";
				ENABLE_NS_ASSERTIONS = NO;
				ENABLE_STRICT_OBJC_MSGSEND = YES;
				GCC_C_LANGUAGE_STANDARD = gnu11;
				GCC_NO_COMMON_BLOCKS = YES;
				GCC_WARN_64_TO_32_BIT_CONVERSION = YES;
				GCC_WARN_ABOUT_RETURN_TYPE = YES_ERROR;
				GCC_WARN_UNDECLARED_SELECTOR = YES;
				GCC_WARN_UNINITIALIZED_AUTOS = YES_AGGRESSIVE;
				GCC_WARN_UNUSED_FUNCTION = YES;
				GCC_WARN_UNUSED_VARIABLE = YES;
				IPHONEOS_DEPLOYMENT_TARGET = 11.4;
				MTL_ENABLE_DEBUG_INFO = NO;
				SDKROOT = iphoneos;
				SWIFT_COMPILATION_MODE = wholemodule;
				SWIFT_OPTIMIZATION_LEVEL = "-O";
				VALIDATE_PRODUCT = YES;
			};
			name = Release;
		};
		3D0B232A230360F10006C1BC /* Debug */ = {
			isa = XCBuildConfiguration;
			buildSettings = {
				ASSETCATALOG_COMPILER_APPICON_NAME = AppIcon;
				CODE_SIGN_STYLE = Automatic;
				INFOPLIST_FILE = Login/Info.plist;
				LD_RUNPATH_SEARCH_PATHS = (
					"$(inherited)",
					"@executable_path/Frameworks",
				);
				PRODUCT_BUNDLE_IDENTIFIER = edu.Fer.Login;
				PRODUCT_NAME = "$(TARGET_NAME)";
				SWIFT_VERSION = 4.0;
				TARGETED_DEVICE_FAMILY = "1,2";
			};
			name = Debug;
		};
		3D0B232B230360F10006C1BC /* Release */ = {
			isa = XCBuildConfiguration;
			buildSettings = {
				ASSETCATALOG_COMPILER_APPICON_NAME = AppIcon;
				CODE_SIGN_STYLE = Automatic;
				INFOPLIST_FILE = Login/Info.plist;
				LD_RUNPATH_SEARCH_PATHS = (
					"$(inherited)",
					"@executable_path/Frameworks",
				);
				PRODUCT_BUNDLE_IDENTIFIER = edu.Fer.Login;
				PRODUCT_NAME = "$(TARGET_NAME)";
				SWIFT_VERSION = 4.0;
				TARGETED_DEVICE_FAMILY = "1,2";
			};
			name = Release;
		};
		3D0B232D230360F10006C1BC /* Debug */ = {
			isa = XCBuildConfiguration;
			buildSettings = {
				ALWAYS_EMBED_SWIFT_STANDARD_LIBRARIES = YES;
				BUNDLE_LOADER = "$(TEST_HOST)";
				CODE_SIGN_STYLE = Automatic;
				INFOPLIST_FILE = LoginTests/Info.plist;
				LD_RUNPATH_SEARCH_PATHS = (
					"$(inherited)",
					"@executable_path/Frameworks",
					"@loader_path/Frameworks",
				);
				PRODUCT_BUNDLE_IDENTIFIER = edu.Fer.LoginTests;
				PRODUCT_NAME = "$(TARGET_NAME)";
				SWIFT_VERSION = 4.0;
				TARGETED_DEVICE_FAMILY = "1,2";
				TEST_HOST = "$(BUILT_PRODUCTS_DIR)/Login.app/Login";
			};
			name = Debug;
		};
		3D0B232E230360F10006C1BC /* Release */ = {
			isa = XCBuildConfiguration;
			buildSettings = {
				ALWAYS_EMBED_SWIFT_STANDARD_LIBRARIES = YES;
				BUNDLE_LOADER = "$(TEST_HOST)";
				CODE_SIGN_STYLE = Automatic;
				INFOPLIST_FILE = LoginTests/Info.plist;
				LD_RUNPATH_SEARCH_PATHS = (
					"$(inherited)",
					"@executable_path/Frameworks",
					"@loader_path/Frameworks",
				);
				PRODUCT_BUNDLE_IDENTIFIER = edu.Fer.LoginTests;
				PRODUCT_NAME = "$(TARGET_NAME)";
				SWIFT_VERSION = 4.0;
				TARGETED_DEVICE_FAMILY = "1,2";
				TEST_HOST = "$(BUILT_PRODUCTS_DIR)/Login.app/Login";
			};
			name = Release;
		};
		3D0B2330230360F10006C1BC /* Debug */ = {
			isa = XCBuildConfiguration;
			buildSettings = {
				ALWAYS_EMBED_SWIFT_STANDARD_LIBRARIES = YES;
				CODE_SIGN_STYLE = Automatic;
				INFOPLIST_FILE = LoginUITests/Info.plist;
				LD_RUNPATH_SEARCH_PATHS = (
					"$(inherited)",
					"@executable_path/Frameworks",
					"@loader_path/Frameworks",
				);
				PRODUCT_BUNDLE_IDENTIFIER = edu.Fer.LoginUITests;
				PRODUCT_NAME = "$(TARGET_NAME)";
				SWIFT_VERSION = 4.0;
				TARGETED_DEVICE_FAMILY = "1,2";
				TEST_TARGET_NAME = Login;
			};
			name = Debug;
		};
		3D0B2331230360F10006C1BC /* Release */ = {
			isa = XCBuildConfiguration;
			buildSettings = {
				ALWAYS_EMBED_SWIFT_STANDARD_LIBRARIES = YES;
				CODE_SIGN_STYLE = Automatic;
				INFOPLIST_FILE = LoginUITests/Info.plist;
				LD_RUNPATH_SEARCH_PATHS = (
					"$(inherited)",
					"@executable_path/Frameworks",
					"@loader_path/Frameworks",
				);
				PRODUCT_BUNDLE_IDENTIFIER = edu.Fer.LoginUITests;
				PRODUCT_NAME = "$(TARGET_NAME)";
				SWIFT_VERSION = 4.0;
				TARGETED_DEVICE_FAMILY = "1,2";
				TEST_TARGET_NAME = Login;
			};
			name = Release;
		};
/* End XCBuildConfiguration section */

/* Begin XCConfigurationList section */
		3D0B22FC230360DF0006C1BC /* Build configuration list for PBXProject "Login" */ = {
			isa = XCConfigurationList;
			buildConfigurations = (
				3D0B2327230360F10006C1BC /* Debug */,
				3D0B2328230360F10006C1BC /* Release */,
			);
			defaultConfigurationIsVisible = 0;
			defaultConfigurationName = Release;
		};
		3D0B2329230360F10006C1BC /* Build configuration list for PBXNativeTarget "Login" */ = {
			isa = XCConfigurationList;
			buildConfigurations = (
				3D0B232A230360F10006C1BC /* Debug */,
				3D0B232B230360F10006C1BC /* Release */,
			);
			defaultConfigurationIsVisible = 0;
			defaultConfigurationName = Release;
		};
		3D0B232C230360F10006C1BC /* Build configuration list for PBXNativeTarget "LoginTests" */ = {
			isa = XCConfigurationList;
			buildConfigurations = (
				3D0B232D230360F10006C1BC /* Debug */,
				3D0B232E230360F10006C1BC /* Release */,
			);
			defaultConfigurationIsVisible = 0;
			defaultConfigurationName = Release;
		};
		3D0B232F230360F10006C1BC /* Build configuration list for PBXNativeTarget "LoginUITests" */ = {
			isa = XCConfigurationList;
			buildConfigurations = (
				3D0B2330230360F10006C1BC /* Debug */,
				3D0B2331230360F10006C1BC /* Release */,
			);
			defaultConfigurationIsVisible = 0;
			defaultConfigurationName = Release;
		};
/* End XCConfigurationList section */
	};
	rootObject = 3D0B22F9230360DF0006C1BC /* Project object */;
}
